
Microsoft Visual Studio Solution File, Format Version 12.00
# Visual Studio Version 17
VisualStudioVersion = 17.0.32112.339
MinimumVisualStudioVersion = 10.0.40219.1
Project("{9A19103F-16F7-4668-BE54-9A1E7A4F7556}") = "RestFulApi", "RestFulApi\RestFulApi.csproj", "{A92D63C6-A820-4CC2-84C2-BCAE2D65AD14}"
EndProject
Project("{9A19103F-16F7-4668-BE54-9A1E7A4F7556}") = "Entities", "Entities\Entities.csproj", "{118746B8-04C5-4336-90D4-91F2EC834F8A}"
EndProject
Project("{9A19103F-16F7-4668-BE54-9A1E7A4F7556}") = "UnitTests", "UnitTests\UnitTests.csproj", "{5BAC4056-30C3-4587-9F7D-CE53C3C9614B}"
EndProject
Project("{9A19103F-16F7-4668-BE54-9A1E7A4F7556}") = "Repositories", "Repositories\Repositories.csproj", "{DD48C5C7-3B59-46CC-B18A-D44771F3AABB}"
EndProject
Global
	GlobalSection(SolutionConfigurationPlatforms) = preSolution
		Debug|Any CPU = Debug|Any CPU
		Release|Any CPU = Release|Any CPU
	EndGlobalSection
	GlobalSection(ProjectConfigurationPlatforms) = postSolution
		{A92D63C6-A820-4CC2-84C2-BCAE2D65AD14}.Debug|Any CPU.ActiveCfg = Debug|Any CPU
		{A92D63C6-A820-4CC2-84C2-BCAE2D65AD14}.Debug|Any CPU.Build.0 = Debug|Any CPU
		{A92D63C6-A820-4CC2-84C2-BCAE2D65AD14}.Release|Any CPU.ActiveCfg = Release|Any CPU
		{A92D63C6-A820-4CC2-84C2-BCAE2D65AD14}.Release|Any CPU.Build.0 = Release|Any CPU
		{118746B8-04C5-4336-90D4-91F2EC834F8A}.Debug|Any CPU.ActiveCfg = Debug|Any CPU
		{118746B8-04C5-4336-90D4-91F2EC834F8A}.Debug|Any CPU.Build.0 = Debug|Any CPU
		{118746B8-04C5-4336-90D4-91F2EC834F8A}.Release|Any CPU.ActiveCfg = Release|Any CPU
		{118746B8-04C5-4336-90D4-91F2EC834F8A}.Release|Any CPU.Build.0 = Release|Any CPU
		{5BAC4056-30C3-4587-9F7D-CE53C3C9614B}.Debug|Any CPU.ActiveCfg = Debug|Any CPU
		{5BAC4056-30C3-4587-9F7D-CE53C3C9614B}.Debug|Any CPU.Build.0 = Debug|Any CPU
		{5BAC4056-30C3-4587-9F7D-CE53C3C9614B}.Release|Any CPU.ActiveCfg = Release|Any CPU
		{5BAC4056-30C3-4587-9F7D-CE53C3C9614B}.Release|Any CPU.Build.0 = Release|Any CPU
		{DD48C5C7-3B59-46CC-B18A-D44771F3AABB}.Debug|Any CPU.ActiveCfg = Debug|Any CPU
		{DD48C5C7-3B59-46CC-B18A-D44771F3AABB}.Debug|Any CPU.Build.0 = Debug|Any CPU
		{DD48C5C7-3B59-46CC-B18A-D44771F3AABB}.Release|Any CPU.ActiveCfg = Release|Any CPU
		{DD48C5C7-3B59-46CC-B18A-D44771F3AABB}.Release|Any CPU.Build.0 = Release|Any CPU
	EndGlobalSection
	GlobalSection(SolutionProperties) = preSolution
		HideSolutionNode = FALSE
	EndGlobalSection
	GlobalSection(ExtensibilityGlobals) = postSolution
		SolutionGuid = {21D01A03-0206-49D0-BE0C-13F9D1D1DAA0}
	EndGlobalSection
EndGlobal
